
Microsoft Visual Studio Solution File, Format Version 12.00
Project("{FAE04EC0-301F-11D3-BF4B-00C04F79EFBC}") = "Exchanger", "Exchanger\Exchanger.csproj", "{E19C7CD7-7780-47C6-A515-E521846641D8}"
EndProject
Project("{2150E333-8FDC-42A3-9474-1A3956D46DE8}") = "WebApp", "WebApp", "{353F1AEE-7A54-4755-935E-67784BAED87C}"
EndProject
Project("{FAE04EC0-301F-11D3-BF4B-00C04F79EFBC}") = "WebApi", "WebApi\WebApi.csproj", "{0B71AB0D-8B10-4F91-8099-6BDCFCBEA238}"
EndProject
Global
	GlobalSection(SolutionConfigurationPlatforms) = preSolution
		Debug|Any CPU = Debug|Any CPU
		Release|Any CPU = Release|Any CPU
	EndGlobalSection
	GlobalSection(ProjectConfigurationPlatforms) = postSolution
		{E19C7CD7-7780-47C6-A515-E521846641D8}.Debug|Any CPU.ActiveCfg = Debug|Any CPU
		{E19C7CD7-7780-47C6-A515-E521846641D8}.Debug|Any CPU.Build.0 = Debug|Any CPU
		{E19C7CD7-7780-47C6-A515-E521846641D8}.Release|Any CPU.ActiveCfg = Release|Any CPU
		{E19C7CD7-7780-47C6-A515-E521846641D8}.Release|Any CPU.Build.0 = Release|Any CPU
		{0B71AB0D-8B10-4F91-8099-6BDCFCBEA238}.Debug|Any CPU.ActiveCfg = Debug|Any CPU
		{0B71AB0D-8B10-4F91-8099-6BDCFCBEA238}.Debug|Any CPU.Build.0 = Debug|Any CPU
		{0B71AB0D-8B10-4F91-8099-6BDCFCBEA238}.Release|Any CPU.ActiveCfg = Release|Any CPU
		{0B71AB0D-8B10-4F91-8099-6BDCFCBEA238}.Release|Any CPU.Build.0 = Release|Any CPU
	EndGlobalSection
	GlobalSection(NestedProjects) = preSolution
		{0B71AB0D-8B10-4F91-8099-6BDCFCBEA238} = {353F1AEE-7A54-4755-935E-67784BAED87C}
	EndGlobalSection
EndGlobal
